// !$*UTF8*$!
{
	archiveVersion = 1;
	classes = {
	};
	objectVersion = 39;
	objects = {
		014CEA440018CDF011CA2923 = {
			buildRules = (
			);
			buildSettings = {
				COPY_PHASE_STRIP = NO;
				DEBUGGING_SYMBOLS = YES;
				GCC_DYNAMIC_NO_PIC = NO;
				GCC_ENABLE_FIX_AND_CONTINUE = YES;
				GCC_GENERATE_DEBUGGING_SYMBOLS = YES;
				GCC_OPTIMIZATION_LEVEL = 0;
				OPTIMIZATION_CFLAGS = "-O0";
				ZERO_LINK = YES;
			};
			isa = PBXBuildStyle;
			name = Development;
		};
		014CEA450018CDF011CA2923 = {
			buildRules = (
			);
			buildSettings = {
				COPY_PHASE_STRIP = YES;
				GCC_ENABLE_FIX_AND_CONTINUE = NO;
				ZERO_LINK = NO;
			};
			isa = PBXBuildStyle;
			name = Deployment;
		};
//010
//011
//012
//013
//014
//030
//031
//032
//033
//034
		034768DFFF38A50411DB9C8B = {
			children = (
				8DC2EF5B0486A6940098B216,
				7C992F87054F5389000B93EA,
			);
			isa = PBXGroup;
			name = Products;
			refType = 4;
			sourceTree = "<group>";
		};
//030
//031
//032
//033
//034
//080
//081
//082
//083
//084
		0867D690FE84028FC02AAC07 = {
			buildSettings = {
				MACOSX_DEPLOYMENT_TARGET = 10.2;
				SDKROOT = /Developer/SDKs/MacOSX10.2.7.sdk;
			};
			buildStyles = (
				014CEA440018CDF011CA2923,
				014CEA450018CDF011CA2923,
			);
			hasScannedForEncodings = 1;
			isa = PBXProject;
			mainGroup = 0867D691FE84028FC02AAC07;
			productRefGroup = 034768DFFF38A50411DB9C8B;
			projectDirPath = "";
			targets = (
				7C992F86054F5389000B93EA,
				8DC2EF4F0486A6940098B216,
			);
		};
		0867D691FE84028FC02AAC07 = {
			children = (
				7C992F8B054F539B000B93EA,
				08FB77AEFE84172EC02AAC07,
				7C992F90054F53D9000B93EA,
				7C992FA1054F54C3000B93EA,
				32C88DFF0371C24200C91783,
				089C1665FE841158C02AAC07,
				7C99307F054F6982000B93EA,
				0867D69AFE84028FC02AAC07,
				034768DFFF38A50411DB9C8B,
			);
			isa = PBXGroup;
			name = ITKit;
			refType = 4;
			sourceTree = "<group>";
		};
		0867D69AFE84028FC02AAC07 = {
			children = (
				1058C7B0FEA5585E11CA2CBB,
				1058C7B2FEA5585E11CA2CBB,
			);
			isa = PBXGroup;
			name = "External Frameworks and Libraries";
			refType = 4;
			sourceTree = "<group>";
		};
		0867D69BFE84028FC02AAC07 = {
			fallbackIsa = PBXFileReference;
			isa = PBXFrameworkReference;
			lastKnownFileType = wrapper.framework;
			name = Foundation.framework;
			path = /System/Library/Frameworks/Foundation.framework;
			refType = 0;
			sourceTree = "<absolute>";
		};
		0867D6A5FE840307C02AAC07 = {
			fallbackIsa = PBXFileReference;
			isa = PBXFrameworkReference;
			lastKnownFileType = wrapper.framework;
			name = AppKit.framework;
			path = /System/Library/Frameworks/AppKit.framework;
			refType = 0;
			sourceTree = "<absolute>";
		};
		089C1665FE841158C02AAC07 = {
			children = (
				8DC2EF5A0486A6940098B216,
				089C1666FE841158C02AAC07,
				2A30D8BC056B3C5D0087AE54,
				2A30D899056B3B390087AE54,
				7C992E3E054F5246000B93EA,
				2A30D89A056B3B5C0087AE54,
			);
			isa = PBXGroup;
			name = Resources;
			refType = 4;
			sourceTree = "<group>";
		};
		089C1666FE841158C02AAC07 = {
			children = (
				089C1667FE841158C02AAC07,
			);
			isa = PBXVariantGroup;
			name = InfoPlist.strings;
			refType = 4;
			sourceTree = "<group>";
		};
		089C1667FE841158C02AAC07 = {
			fileEncoding = 10;
			isa = PBXFileReference;
			lastKnownFileType = text.plist.strings;
			name = English;
			path = English.lproj/InfoPlist.strings;
			refType = 4;
			sourceTree = "<group>";
		};
		08FB77AEFE84172EC02AAC07 = {
			children = (
				7C01A1B7059B4A86003A4662,
				7C992F93054F53F2000B93EA,
				7C992F96054F53F7000B93EA,
				7C992F9B054F547C000B93EA,
				7C993057054F6832000B93EA,
				2AAF7B22056C3536009B9225,
				7C992DED054F5179000B93EA,
				7C992DEE054F5179000B93EA,
			);
			isa = PBXGroup;
			name = Classes;
			refType = 4;
			sourceTree = "<group>";
		};
//080
//081
//082
//083
//084
//100
//101
//102
//103
//104
		1058C7B0FEA5585E11CA2CBB = {
			children = (
				1058C7B1FEA5585E11CA2CBB,
				7CC84BE0054F6CA2001DC704,
				7CC84BE4054F6CAA001DC704,
			);
			isa = PBXGroup;
			name = "Linked Frameworks";
			refType = 4;
			sourceTree = "<group>";
		};
		1058C7B1FEA5585E11CA2CBB = {
			fallbackIsa = PBXFileReference;
			isa = PBXFrameworkReference;
			lastKnownFileType = wrapper.framework;
			name = Cocoa.framework;
			path = /System/Library/Frameworks/Cocoa.framework;
			refType = 0;
			sourceTree = "<absolute>";
		};
		1058C7B2FEA5585E11CA2CBB = {
			children = (
				0867D69BFE84028FC02AAC07,
				0867D6A5FE840307C02AAC07,
			);
			isa = PBXGroup;
			name = "Other Frameworks";
			refType = 4;
			sourceTree = "<group>";
		};
//100
//101
//102
//103
//104
//2A0
//2A1
//2A2
//2A3
//2A4
		2A30D88D056B3AD90087AE54 = {
			children = (
				2A30D88E056B3AD90087AE54,
				2A30D892056B3AE30087AE54,
				2A30D895056B3AF20087AE54,
				2A30D898056B3B000087AE54,
			);
			isa = PBXVariantGroup;
			name = ITKeyCodes.plist;
			path = "";
			refType = 4;
			sourceTree = "<group>";
		};
		2A30D88E056B3AD90087AE54 = {
			fileEncoding = 4;
			isa = PBXFileReference;
			lastKnownFileType = text.plist;
			name = English;
			path = English.lproj/ITKeyCodes.plist;
			refType = 4;
			sourceTree = "<group>";
		};
		2A30D88F056B3AD90087AE54 = {
			fileRef = 2A30D88D056B3AD90087AE54;
			isa = PBXBuildFile;
			settings = {
			};
		};
		2A30D892056B3AE30087AE54 = {
			isa = PBXFileReference;
			lastKnownFileType = text.plist;
			name = French;
			path = French.lproj/ITKeyCodes.plist;
			refType = 4;
			sourceTree = "<group>";
		};
		2A30D895056B3AF20087AE54 = {
			isa = PBXFileReference;
			lastKnownFileType = text.plist;
			name = German;
			path = German.lproj/ITKeyCodes.plist;
			refType = 4;
			sourceTree = "<group>";
		};
		2A30D898056B3B000087AE54 = {
			isa = PBXFileReference;
			lastKnownFileType = text.plist;
			name = Japanese;
			path = Japanese.lproj/ITKeyCodes.plist;
			refType = 4;
			sourceTree = "<group>";
		};
		2A30D899056B3B390087AE54 = {
			children = (
				2A30D88D056B3AD90087AE54,
				2A30D8A1056B3BE30087AE54,
			);
			isa = PBXGroup;
			name = "Hot Keys";
			refType = 4;
			sourceTree = "<group>";
		};
		2A30D89A056B3B5C0087AE54 = {
			children = (
				7C992E78054F5285000B93EA,
			);
			isa = PBXGroup;
			name = Documentation;
			path = "";
			refType = 4;
			sourceTree = "<group>";
		};
		2A30D8A1056B3BE30087AE54 = {
			children = (
				2A30D8A2056B3BE30087AE54,
				2A30D8A6056B3BEE0087AE54,
				2A30D8A9056B3BF60087AE54,
				2A30D8B5056B3C1B0087AE54,
			);
			isa = PBXVariantGroup;
			name = ITKeyComboPanel.nib;
			path = "";
			refType = 4;
			sourceTree = "<group>";
		};
		2A30D8A2056B3BE30087AE54 = {
			isa = PBXFileReference;
			lastKnownFileType = wrapper.nib;
			name = English;
			path = English.lproj/ITKeyComboPanel.nib;
			refType = 4;
			sourceTree = "<group>";
		};
		2A30D8A3056B3BE30087AE54 = {
			fileRef = 2A30D8A1056B3BE30087AE54;
			isa = PBXBuildFile;
			settings = {
			};
		};
		2A30D8A6056B3BEE0087AE54 = {
			isa = PBXFileReference;
			lastKnownFileType = wrapper.nib;
			name = French;
			path = French.lproj/ITKeyComboPanel.nib;
			refType = 4;
			sourceTree = "<group>";
		};
		2A30D8A9056B3BF60087AE54 = {
			isa = PBXFileReference;
			lastKnownFileType = wrapper.nib;
			name = German;
			path = German.lproj/ITKeyComboPanel.nib;
			refType = 4;
			sourceTree = "<group>";
		};
		2A30D8B5056B3C1B0087AE54 = {
			isa = PBXFileReference;
			lastKnownFileType = wrapper.nib;
			name = Japanese;
			path = Japanese.lproj/ITKeyComboPanel.nib;
			refType = 4;
			sourceTree = "<group>";
		};
		2A30D8BC056B3C5D0087AE54 = {
			children = (
				2A30D8BD056B3C5D0087AE54,
				2A30D8C1056B3C670087AE54,
				2A30D8C4056B3C750087AE54,
				2A30D8C7056B3C830087AE54,
			);
			isa = PBXVariantGroup;
			name = Localizable.strings;
			path = "";
			refType = 4;
			sourceTree = "<group>";
		};
		2A30D8BD056B3C5D0087AE54 = {
			fileEncoding = 4;
			isa = PBXFileReference;
			lastKnownFileType = text.plist.strings;
			name = English;
			path = English.lproj/Localizable.strings;
			refType = 4;
			sourceTree = "<group>";
		};
		2A30D8BE056B3C5D0087AE54 = {
			fileRef = 2A30D8BC056B3C5D0087AE54;
			isa = PBXBuildFile;
			settings = {
			};
		};
		2A30D8C1056B3C670087AE54 = {
			isa = PBXFileReference;
			lastKnownFileType = text.plist.strings;
			name = French;
			path = French.lproj/Localizable.strings;
			refType = 4;
			sourceTree = "<group>";
		};
		2A30D8C4056B3C750087AE54 = {
			isa = PBXFileReference;
			lastKnownFileType = text.plist.strings;
			name = German;
			path = German.lproj/Localizable.strings;
			refType = 4;
			sourceTree = "<group>";
		};
		2A30D8C7056B3C830087AE54 = {
			isa = PBXFileReference;
			lastKnownFileType = text.plist.strings;
			name = Japanese;
			path = Japanese.lproj/Localizable.strings;
			refType = 4;
			sourceTree = "<group>";
		};
		2AAF7B22056C3536009B9225 = {
			children = (
				7C992DC9054F5179000B93EA,
				7C992DCA054F5179000B93EA,
				7C992DEF054F5179000B93EA,
				7C992DF0054F5179000B93EA,
				7C992DF1054F5179000B93EA,
				7C992DF2054F5179000B93EA,
				7C992DF3054F5179000B93EA,
				7C992DF4054F5179000B93EA,
			);
			isa = PBXGroup;
			name = Views;
			refType = 4;
			sourceTree = "<group>";
		};
		2AC82794056C3AA000A7D7E2 = {
			fileRef = 1058C7B1FEA5585E11CA2CBB;
			isa = PBXBuildFile;
			settings = {
			};
		};
		2AC8297F056C451900A7D7E2 = {
			containerPortal = 0867D690FE84028FC02AAC07;
			isa = PBXContainerItemProxy;
			proxyType = 1;
			remoteGlobalIDString = 8DC2EF4F0486A6940098B216;
			remoteInfo = ITKit;
		};
		2AC82980056C451900A7D7E2 = {
			isa = PBXTargetDependency;
			target = 8DC2EF4F0486A6940098B216;
			targetProxy = 2AC8297F056C451900A7D7E2;
		};
		2AC8313F056D00F700A7D7E2 = {
			fileEncoding = 4;
			isa = PBXFileReference;
			lastKnownFileType = sourcecode.c.h;
			path = ITImageView.h;
			refType = 4;
			sourceTree = "<group>";
		};
		2AC83140056D00F700A7D7E2 = {
			fileEncoding = 4;
			isa = PBXFileReference;
			lastKnownFileType = sourcecode.c.objc;
			path = ITImageView.m;
			refType = 4;
			sourceTree = "<group>";
		};
		2AC83141056D00F700A7D7E2 = {
			fileRef = 2AC8313F056D00F700A7D7E2;
			isa = PBXBuildFile;
			settings = {
				ATTRIBUTES = (
					Public,
				);
			};
		};
		2AC83142056D00F700A7D7E2 = {
			fileRef = 2AC83140056D00F700A7D7E2;
			isa = PBXBuildFile;
			settings = {
			};
		};
		2AC8319B056D037700A7D7E2 = {
			fileEncoding = 4;
			isa = PBXFileReference;
			lastKnownFileType = sourcecode.c.h;
			path = ITImageCell.h;
			refType = 4;
			sourceTree = "<group>";
		};
		2AC8319C056D037700A7D7E2 = {
			fileEncoding = 4;
			isa = PBXFileReference;
			lastKnownFileType = sourcecode.c.objc;
			path = ITImageCell.m;
			refType = 4;
			sourceTree = "<group>";
		};
		2AC8319D056D037700A7D7E2 = {
			fileRef = 2AC8319B056D037700A7D7E2;
			isa = PBXBuildFile;
			settings = {
				ATTRIBUTES = (
					Public,
				);
			};
		};
		2AC8319E056D037700A7D7E2 = {
			fileRef = 2AC8319C056D037700A7D7E2;
			isa = PBXBuildFile;
			settings = {
			};
		};
//2A0
//2A1
//2A2
//2A3
//2A4
//320
//321
//322
//323
//324
		32C88DFF0371C24200C91783 = {
			children = (
				32DBCF5E0370ADEE00C91783,
			);
			isa = PBXGroup;
			name = "Other Sources";
			refType = 4;
			sourceTree = "<group>";
		};
		32DBCF5E0370ADEE00C91783 = {
			fileEncoding = 4;
			isa = PBXFileReference;
			lastKnownFileType = sourcecode.c.h;
			path = ITKit_Prefix.pch;
			refType = 4;
			sourceTree = "<group>";
		};
//320
//321
//322
//323
//324
//370
//371
//372
//373
//374
		3710911905C07F6D00ED0F36 = {
			fileEncoding = 4;
			isa = PBXFileReference;
			lastKnownFileType = sourcecode.c.h;
			path = ITIconAndTextStatusWindow.h;
			refType = 4;
			sourceTree = "<group>";
		};
		3710911A05C07F6D00ED0F36 = {
			fileEncoding = 4;
			isa = PBXFileReference;
			lastKnownFileType = sourcecode.c.objc;
			path = ITIconAndTextStatusWindow.m;
			refType = 4;
			sourceTree = "<group>";
		};
		3710912305C0821000ED0F36 = {
			fileRef = 3710911A05C07F6D00ED0F36;
			isa = PBXBuildFile;
			settings = {
			};
		};
		3710912805C0825900ED0F36 = {
			fileRef = 3710911905C07F6D00ED0F36;
			isa = PBXBuildFile;
			settings = {
				ATTRIBUTES = (
					Public,
				);
			};
		};
//370
//371
//372
//373
//374
//7C0
//7C1
//7C2
//7C3
//7C4
		7C01A1B7059B4A86003A4662 = {
			children = (
				7C01A1BA059B4A8B003A4662,
			);
			isa = PBXGroup;
			name = Carbon;
			refType = 4;
			sourceTree = "<group>";
		};
		7C01A1BA059B4A8B003A4662 = {
			children = (
				7C01A1BF059B4AA1003A4662,
				7C01A1C0059B4AA1003A4662,
				7C01A1C5059B4AAC003A4662,
				7C01A1C6059B4AAC003A4662,
				7C23B320059BA4C000E08741,
			);
			isa = PBXGroup;
			name = Resources;
			refType = 4;
			sourceTree = "<group>";
		};
		7C01A1BF059B4AA1003A4662 = {
			fileEncoding = 4;
			isa = PBXFileReference;
			lastKnownFileType = sourcecode.c.h;
			path = ITMacResourceFile.h;
			refType = 4;
			sourceTree = "<group>";
		};
		7C01A1C0059B4AA1003A4662 = {
			fileEncoding = 4;
			isa = PBXFileReference;
			lastKnownFileType = sourcecode.c.objc;
			path = ITMacResourceFile.m;
			refType = 4;
			sourceTree = "<group>";
		};
		7C01A1C5059B4AAC003A4662 = {
			fileEncoding = 4;
			isa = PBXFileReference;
			lastKnownFileType = sourcecode.c.h;
			path = ITMacResource.h;
			refType = 4;
			sourceTree = "<group>";
		};
		7C01A1C6059B4AAC003A4662 = {
			fileEncoding = 4;
			isa = PBXFileReference;
			lastKnownFileType = sourcecode.c.objc;
			path = ITMacResource.m;
			refType = 4;
			sourceTree = "<group>";
		};
		7C23B316059BA4AA00E08741 = {
			fileEncoding = 4;
			isa = PBXFileReference;
			lastKnownFileType = sourcecode.c.h;
			path = ITStringMacResource.h;
			refType = 4;
			sourceTree = "<group>";
		};
		7C23B317059BA4AA00E08741 = {
			fileEncoding = 4;
			isa = PBXFileReference;
			lastKnownFileType = sourcecode.c.objc;
			path = ITStringMacResource.m;
			refType = 4;
			sourceTree = "<group>";
		};
		7C23B320059BA4C000E08741 = {
			children = (
				7C23B316059BA4AA00E08741,
				7C23B317059BA4AA00E08741,
			);
			isa = PBXGroup;
			name = "Custom Types";
			refType = 4;
			sourceTree = "<group>";
		};
		7C5B7C93054F6EC9008379B6 = {
			fileRef = 8DC2EF5B0486A6940098B216;
			isa = PBXBuildFile;
			settings = {
			};
		};
		7C992DC9054F5179000B93EA = {
			fileEncoding = 4;
			isa = PBXFileReference;
			lastKnownFileType = sourcecode.c.h;
			path = ITBevelView.h;
			refType = 4;
			sourceTree = "<group>";
		};
		7C992DCA054F5179000B93EA = {
			fileEncoding = 4;
			isa = PBXFileReference;
			lastKnownFileType = sourcecode.c.objc;
			path = ITBevelView.m;
			refType = 4;
			sourceTree = "<group>";
		};
		7C992DCB054F5179000B93EA = {
			fileEncoding = 4;
			isa = PBXFileReference;
			lastKnownFileType = sourcecode.c.h;
			path = ITButton.h;
			refType = 4;
			sourceTree = "<group>";
		};
		7C992DCC054F5179000B93EA = {
			fileEncoding = 4;
			isa = PBXFileReference;
			lastKnownFileType = sourcecode.c.objc;
			path = ITButton.m;
			refType = 4;
			sourceTree = "<group>";
		};
		7C992DCD054F5179000B93EA = {
			fileEncoding = 4;
			isa = PBXFileReference;
			lastKnownFileType = sourcecode.c.h;
			path = ITButtonCell.h;
			refType = 4;
			sourceTree = "<group>";
		};
		7C992DCE054F5179000B93EA = {
			fileEncoding = 4;
			isa = PBXFileReference;
			lastKnownFileType = sourcecode.c.objc;
			path = ITButtonCell.m;
			refType = 4;
			sourceTree = "<group>";
		};
		7C992DCF054F5179000B93EA = {
			fileEncoding = 4;
			isa = PBXFileReference;
			lastKnownFileType = sourcecode.c.h;
			path = "ITCategory-NSMenu.h";
			refType = 4;
			sourceTree = "<group>";
		};
		7C992DD0054F5179000B93EA = {
			fileEncoding = 4;
			isa = PBXFileReference;
			lastKnownFileType = sourcecode.c.objc;
			path = "ITCategory-NSMenu.m";
			refType = 4;
			sourceTree = "<group>";
		};
		7C992DD1054F5179000B93EA = {
			fileEncoding = 4;
			isa = PBXFileReference;
			lastKnownFileType = sourcecode.c.h;
			path = "ITCategory-NSView.h";
			refType = 4;
			sourceTree = "<group>";
		};
		7C992DD2054F5179000B93EA = {
			fileEncoding = 4;
			isa = PBXFileReference;
			lastKnownFileType = sourcecode.c.objc;
			path = "ITCategory-NSView.m";
			refType = 4;
			sourceTree = "<group>";
		};
		7C992DD3054F5179000B93EA = {
			fileEncoding = 4;
			isa = PBXFileReference;
			lastKnownFileType = sourcecode.c.h;
			path = ITCoreGraphicsHacks.h;
			refType = 4;
			sourceTree = "<group>";
		};
		7C992DD4054F5179000B93EA = {
			fileEncoding = 4;
			isa = PBXFileReference;
			lastKnownFileType = sourcecode.c.h;
			path = ITCutWindowEffect.h;
			refType = 4;
			sourceTree = "<group>";
		};
		7C992DD5054F5179000B93EA = {
			fileEncoding = 4;
			isa = PBXFileReference;
			lastKnownFileType = sourcecode.c.objc;
			path = ITCutWindowEffect.m;
			refType = 4;
			sourceTree = "<group>";
		};
		7C992DD6054F5179000B93EA = {
			fileEncoding = 4;
			isa = PBXFileReference;
			lastKnownFileType = sourcecode.c.h;
			path = ITDissolveWindowEffect.h;
			refType = 4;
			sourceTree = "<group>";
		};
		7C992DD7054F5179000B93EA = {
			fileEncoding = 4;
			isa = PBXFileReference;
			lastKnownFileType = sourcecode.c.objc;
			path = ITDissolveWindowEffect.m;
			refType = 4;
			sourceTree = "<group>";
		};
		7C992DD8054F5179000B93EA = {
			fileEncoding = 4;
			isa = PBXFileReference;
			lastKnownFileType = sourcecode.c.h;
			path = ITTSWBackgroundView.h;
			refType = 4;
			sourceTree = "<group>";
		};
		7C992DD9054F5179000B93EA = {
			fileEncoding = 4;
			isa = PBXFileReference;
			lastKnownFileType = sourcecode.c.objc;
			path = ITTSWBackgroundView.m;
			refType = 4;
			sourceTree = "<group>";
		};
		7C992DDA054F5179000B93EA = {
			fileEncoding = 4;
			isa = PBXFileReference;
			lastKnownFileType = sourcecode.c.h;
			path = ITHotKey.h;
			refType = 4;
			sourceTree = "<group>";
		};
		7C992DDB054F5179000B93EA = {
			fileEncoding = 4;
			isa = PBXFileReference;
			lastKnownFileType = sourcecode.c.objc;
			path = ITHotKey.m;
			refType = 4;
			sourceTree = "<group>";
		};
		7C992DDC054F5179000B93EA = {
			fileEncoding = 4;
			isa = PBXFileReference;
			lastKnownFileType = sourcecode.c.h;
			path = ITHotKeyCenter.h;
			refType = 4;
			sourceTree = "<group>";
		};
		7C992DDD054F5179000B93EA = {
			fileEncoding = 4;
			isa = PBXFileReference;
			lastKnownFileType = sourcecode.c.objc;
			path = ITHotKeyCenter.m;
			refType = 4;
			sourceTree = "<group>";
		};
		7C992DDE054F5179000B93EA = {
			fileEncoding = 4;
			isa = PBXFileReference;
			lastKnownFileType = sourcecode.c.h;
			path = ITKeyBroadcaster.h;
			refType = 4;
			sourceTree = "<group>";
		};
		7C992DDF054F5179000B93EA = {
			fileEncoding = 4;
			isa = PBXFileReference;
			lastKnownFileType = sourcecode.c.objc;
			path = ITKeyBroadcaster.m;
			refType = 4;
			sourceTree = "<group>";
		};
		7C992DE0054F5179000B93EA = {
			fileEncoding = 4;
			isa = PBXFileReference;
			lastKnownFileType = sourcecode.c.h;
			path = ITKeyCombo.h;
			refType = 4;
			sourceTree = "<group>";
		};
		7C992DE1054F5179000B93EA = {
			fileEncoding = 4;
			isa = PBXFileReference;
			lastKnownFileType = sourcecode.c.objc;
			path = ITKeyCombo.m;
			refType = 4;
			sourceTree = "<group>";
		};
		7C992DE2054F5179000B93EA = {
			fileEncoding = 4;
			isa = PBXFileReference;
			lastKnownFileType = sourcecode.c.h;
			path = ITKeyComboPanel.h;
			refType = 4;
			sourceTree = "<group>";
		};
		7C992DE3054F5179000B93EA = {
			fileEncoding = 4;
			isa = PBXFileReference;
			lastKnownFileType = sourcecode.c.objc;
			path = ITKeyComboPanel.m;
			refType = 4;
			sourceTree = "<group>";
		};
		7C992DE4054F5179000B93EA = {
			fileEncoding = 4;
			isa = PBXFileReference;
			lastKnownFileType = sourcecode.c.h;
			path = ITKit.h;
			refType = 4;
			sourceTree = "<group>";
		};
		7C992DE7054F5179000B93EA = {
			fileEncoding = 4;
			isa = PBXFileReference;
			lastKnownFileType = sourcecode.c.h;
			path = ITPivotWindowEffect.h;
			refType = 4;
			sourceTree = "<group>";
		};
		7C992DE8054F5179000B93EA = {
			fileEncoding = 4;
			isa = PBXFileReference;
			lastKnownFileType = sourcecode.c.objc;
			path = ITPivotWindowEffect.m;
			refType = 4;
			sourceTree = "<group>";
		};
		7C992DE9054F5179000B93EA = {
			fileEncoding = 4;
			isa = PBXFileReference;
			lastKnownFileType = sourcecode.c.h;
			path = ITSlideHorizontallyWindowEffect.h;
			refType = 4;
			sourceTree = "<group>";
		};
		7C992DEA054F5179000B93EA = {
			fileEncoding = 4;
			isa = PBXFileReference;
			lastKnownFileType = sourcecode.c.objc;
			path = ITSlideHorizontallyWindowEffect.m;
			refType = 4;
			sourceTree = "<group>";
		};
		7C992DEB054F5179000B93EA = {
			fileEncoding = 4;
			isa = PBXFileReference;
			lastKnownFileType = sourcecode.c.h;
			path = ITSlideVerticallyWindowEffect.h;
			refType = 4;
			sourceTree = "<group>";
		};
		7C992DEC054F5179000B93EA = {
			fileEncoding = 4;
			isa = PBXFileReference;
			lastKnownFileType = sourcecode.c.objc;
			path = ITSlideVerticallyWindowEffect.m;
			refType = 4;
			sourceTree = "<group>";
		};
		7C992DED054F5179000B93EA = {
			fileEncoding = 4;
			isa = PBXFileReference;
			lastKnownFileType = sourcecode.c.h;
			path = ITStatusItem.h;
			refType = 4;
			sourceTree = "<group>";
		};
		7C992DEE054F5179000B93EA = {
			fileEncoding = 4;
			isa = PBXFileReference;
			lastKnownFileType = sourcecode.c.objc;
			path = ITStatusItem.m;
			refType = 4;
			sourceTree = "<group>";
		};
		7C992DEF054F5179000B93EA = {
			fileEncoding = 4;
			isa = PBXFileReference;
			lastKnownFileType = sourcecode.c.h;
			path = ITTableCornerView.h;
			refType = 4;
			sourceTree = "<group>";
		};
		7C992DF0054F5179000B93EA = {
			fileEncoding = 4;
			isa = PBXFileReference;
			lastKnownFileType = sourcecode.c.objc;
			path = ITTableCornerView.m;
			refType = 4;
			sourceTree = "<group>";
		};
		7C992DF1054F5179000B93EA = {
			fileEncoding = 4;
			isa = PBXFileReference;
			lastKnownFileType = sourcecode.c.h;
			path = ITTableView.h;
			refType = 4;
			sourceTree = "<group>";
		};
		7C992DF2054F5179000B93EA = {
			fileEncoding = 4;
			isa = PBXFileReference;
			lastKnownFileType = sourcecode.c.objc;
			path = ITTableView.m;
			refType = 4;
			sourceTree = "<group>";
		};
		7C992DF3054F5179000B93EA = {
			fileEncoding = 4;
			isa = PBXFileReference;
			lastKnownFileType = sourcecode.c.h;
			path = ITTabView.h;
			refType = 4;
			sourceTree = "<group>";
		};
		7C992DF4054F5179000B93EA = {
			fileEncoding = 4;
			isa = PBXFileReference;
			lastKnownFileType = sourcecode.c.objc;
			path = ITTabView.m;
			refType = 4;
			sourceTree = "<group>";
		};
		7C992DF5054F5179000B93EA = {
			fileEncoding = 4;
			isa = PBXFileReference;
			lastKnownFileType = sourcecode.c.h;
			path = ITTextField.h;
			refType = 4;
			sourceTree = "<group>";
		};
		7C992DF6054F5179000B93EA = {
			fileEncoding = 4;
			isa = PBXFileReference;
			lastKnownFileType = sourcecode.c.objc;
			path = ITTextField.m;
			refType = 4;
			sourceTree = "<group>";
		};
		7C992DF7054F5179000B93EA = {
			fileEncoding = 4;
			isa = PBXFileReference;
			lastKnownFileType = sourcecode.c.h;
			path = ITTextFieldCell.h;
			refType = 4;
			sourceTree = "<group>";
		};
		7C992DF8054F5179000B93EA = {
			fileEncoding = 4;
			isa = PBXFileReference;
			lastKnownFileType = sourcecode.c.objc;
			path = ITTextFieldCell.m;
			refType = 4;
			sourceTree = "<group>";
		};
		7C992DF9054F5179000B93EA = {
			fileEncoding = 4;
			isa = PBXFileReference;
			lastKnownFileType = sourcecode.c.h;
			path = ITTransientStatusWindow.h;
			refType = 4;
			sourceTree = "<group>";
		};
		7C992DFA054F5179000B93EA = {
			fileEncoding = 4;
			isa = PBXFileReference;
			lastKnownFileType = sourcecode.c.objc;
			path = ITTransientStatusWindow.m;
			refType = 4;
			sourceTree = "<group>";
		};
		7C992DFB054F5179000B93EA = {
			fileEncoding = 4;
			isa = PBXFileReference;
			lastKnownFileType = sourcecode.c.h;
			path = ITWindowEffect.h;
			refType = 4;
			sourceTree = "<group>";
		};
		7C992DFC054F5179000B93EA = {
			fileEncoding = 4;
			isa = PBXFileReference;
			lastKnownFileType = sourcecode.c.objc;
			path = ITWindowEffect.m;
			refType = 4;
			sourceTree = "<group>";
		};
		7C992DFD054F5179000B93EA = {
			fileEncoding = 4;
			isa = PBXFileReference;
			lastKnownFileType = sourcecode.c.h;
			path = ITWindowPositioning.h;
			refType = 4;
			sourceTree = "<group>";
		};
		7C992DFE054F5179000B93EA = {
			fileRef = 7C992DC9054F5179000B93EA;
			isa = PBXBuildFile;
			settings = {
				ATTRIBUTES = (
					Public,
				);
			};
		};
		7C992DFF054F5179000B93EA = {
			fileRef = 7C992DCA054F5179000B93EA;
			isa = PBXBuildFile;
			settings = {
			};
		};
		7C992E00054F5179000B93EA = {
			fileRef = 7C992DCB054F5179000B93EA;
			isa = PBXBuildFile;
			settings = {
				ATTRIBUTES = (
					Public,
				);
			};
		};
		7C992E01054F5179000B93EA = {
			fileRef = 7C992DCC054F5179000B93EA;
			isa = PBXBuildFile;
			settings = {
			};
		};
		7C992E02054F5179000B93EA = {
			fileRef = 7C992DCD054F5179000B93EA;
			isa = PBXBuildFile;
			settings = {
				ATTRIBUTES = (
					Public,
				);
			};
		};
		7C992E03054F5179000B93EA = {
			fileRef = 7C992DCE054F5179000B93EA;
			isa = PBXBuildFile;
			settings = {
			};
		};
		7C992E04054F5179000B93EA = {
			fileRef = 7C992DCF054F5179000B93EA;
			isa = PBXBuildFile;
			settings = {
				ATTRIBUTES = (
					Public,
				);
			};
		};
		7C992E05054F5179000B93EA = {
			fileRef = 7C992DD0054F5179000B93EA;
			isa = PBXBuildFile;
			settings = {
			};
		};
		7C992E06054F5179000B93EA = {
			fileRef = 7C992DD1054F5179000B93EA;
			isa = PBXBuildFile;
			settings = {
				ATTRIBUTES = (
					Public,
				);
			};
		};
		7C992E07054F5179000B93EA = {
			fileRef = 7C992DD2054F5179000B93EA;
			isa = PBXBuildFile;
			settings = {
			};
		};
		7C992E08054F5179000B93EA = {
			fileRef = 7C992DD3054F5179000B93EA;
			isa = PBXBuildFile;
			settings = {
			};
		};
		7C992E09054F5179000B93EA = {
			fileRef = 7C992DD4054F5179000B93EA;
			isa = PBXBuildFile;
			settings = {
				ATTRIBUTES = (
					Private,
				);
			};
		};
		7C992E0A054F5179000B93EA = {
			fileRef = 7C992DD5054F5179000B93EA;
			isa = PBXBuildFile;
			settings = {
			};
		};
		7C992E0B054F5179000B93EA = {
			fileRef = 7C992DD6054F5179000B93EA;
			isa = PBXBuildFile;
			settings = {
				ATTRIBUTES = (
					Private,
				);
			};
		};
		7C992E0C054F5179000B93EA = {
			fileRef = 7C992DD7054F5179000B93EA;
			isa = PBXBuildFile;
			settings = {
			};
		};
		7C992E0D054F5179000B93EA = {
			fileRef = 7C992DD8054F5179000B93EA;
			isa = PBXBuildFile;
			settings = {
				ATTRIBUTES = (
					Private,
				);
			};
		};
		7C992E0E054F5179000B93EA = {
			fileRef = 7C992DD9054F5179000B93EA;
			isa = PBXBuildFile;
			settings = {
			};
		};
		7C992E0F054F5179000B93EA = {
			fileRef = 7C992DDA054F5179000B93EA;
			isa = PBXBuildFile;
			settings = {
				ATTRIBUTES = (
					Public,
				);
			};
		};
		7C992E10054F5179000B93EA = {
			fileRef = 7C992DDB054F5179000B93EA;
			isa = PBXBuildFile;
			settings = {
			};
		};
		7C992E11054F5179000B93EA = {
			fileRef = 7C992DDC054F5179000B93EA;
			isa = PBXBuildFile;
			settings = {
				ATTRIBUTES = (
					Public,
				);
			};
		};
		7C992E12054F5179000B93EA = {
			fileRef = 7C992DDD054F5179000B93EA;
			isa = PBXBuildFile;
			settings = {
			};
		};
		7C992E13054F5179000B93EA = {
			fileRef = 7C992DDE054F5179000B93EA;
			isa = PBXBuildFile;
			settings = {
				ATTRIBUTES = (
					Public,
				);
			};
		};
		7C992E14054F5179000B93EA = {
			fileRef = 7C992DDF054F5179000B93EA;
			isa = PBXBuildFile;
			settings = {
			};
		};
		7C992E15054F5179000B93EA = {
			fileRef = 7C992DE0054F5179000B93EA;
			isa = PBXBuildFile;
			settings = {
				ATTRIBUTES = (
					Public,
				);
			};
		};
		7C992E16054F5179000B93EA = {
			fileRef = 7C992DE1054F5179000B93EA;
			isa = PBXBuildFile;
			settings = {
			};
		};
		7C992E17054F5179000B93EA = {
			fileRef = 7C992DE2054F5179000B93EA;
			isa = PBXBuildFile;
			settings = {
				ATTRIBUTES = (
					Public,
				);
			};
		};
		7C992E18054F5179000B93EA = {
			fileRef = 7C992DE3054F5179000B93EA;
			isa = PBXBuildFile;
			settings = {
			};
		};
		7C992E19054F5179000B93EA = {
			fileRef = 7C992DE4054F5179000B93EA;
			isa = PBXBuildFile;
			settings = {
				ATTRIBUTES = (
					Public,
				);
			};
		};
		7C992E1C054F5179000B93EA = {
			fileRef = 7C992DE7054F5179000B93EA;
			isa = PBXBuildFile;
			settings = {
				ATTRIBUTES = (
					Private,
				);
			};
		};
		7C992E1D054F5179000B93EA = {
			fileRef = 7C992DE8054F5179000B93EA;
			isa = PBXBuildFile;
			settings = {
			};
		};
		7C992E1E054F5179000B93EA = {
			fileRef = 7C992DE9054F5179000B93EA;
			isa = PBXBuildFile;
			settings = {
				ATTRIBUTES = (
					Private,
				);
			};
		};
		7C992E1F054F5179000B93EA = {
			fileRef = 7C992DEA054F5179000B93EA;
			isa = PBXBuildFile;
			settings = {
			};
		};
		7C992E20054F5179000B93EA = {
			fileRef = 7C992DEB054F5179000B93EA;
			isa = PBXBuildFile;
			settings = {
				ATTRIBUTES = (
					Private,
				);
			};
		};
		7C992E21054F5179000B93EA = {
			fileRef = 7C992DEC054F5179000B93EA;
			isa = PBXBuildFile;
			settings = {
			};
		};
		7C992E22054F5179000B93EA = {
			fileRef = 7C992DED054F5179000B93EA;
			isa = PBXBuildFile;
			settings = {
				ATTRIBUTES = (
					Public,
				);
			};
		};
		7C992E23054F5179000B93EA = {
			fileRef = 7C992DEE054F5179000B93EA;
			isa = PBXBuildFile;
			settings = {
			};
		};
		7C992E24054F5179000B93EA = {
			fileRef = 7C992DEF054F5179000B93EA;
			isa = PBXBuildFile;
			settings = {
			};
		};
		7C992E25054F5179000B93EA = {
			fileRef = 7C992DF0054F5179000B93EA;
			isa = PBXBuildFile;
			settings = {
			};
		};
		7C992E26054F5179000B93EA = {
			fileRef = 7C992DF1054F5179000B93EA;
			isa = PBXBuildFile;
			settings = {
				ATTRIBUTES = (
					Public,
				);
			};
		};
		7C992E27054F5179000B93EA = {
			fileRef = 7C992DF2054F5179000B93EA;
			isa = PBXBuildFile;
			settings = {
			};
		};
		7C992E28054F5179000B93EA = {
			fileRef = 7C992DF3054F5179000B93EA;
			isa = PBXBuildFile;
			settings = {
				ATTRIBUTES = (
					Public,
				);
			};
		};
		7C992E29054F5179000B93EA = {
			fileRef = 7C992DF4054F5179000B93EA;
			isa = PBXBuildFile;
			settings = {
			};
		};
		7C992E2A054F5179000B93EA = {
			fileRef = 7C992DF5054F5179000B93EA;
			isa = PBXBuildFile;
			settings = {
				ATTRIBUTES = (
					Public,
				);
			};
		};
		7C992E2B054F5179000B93EA = {
			fileRef = 7C992DF6054F5179000B93EA;
			isa = PBXBuildFile;
			settings = {
			};
		};
		7C992E2C054F5179000B93EA = {
			fileRef = 7C992DF7054F5179000B93EA;
			isa = PBXBuildFile;
			settings = {
				ATTRIBUTES = (
					Public,
				);
			};
		};
		7C992E2D054F5179000B93EA = {
			fileRef = 7C992DF8054F5179000B93EA;
			isa = PBXBuildFile;
			settings = {
			};
		};
		7C992E2E054F5179000B93EA = {
			fileRef = 7C992DF9054F5179000B93EA;
			isa = PBXBuildFile;
			settings = {
				ATTRIBUTES = (
					Public,
				);
			};
		};
		7C992E2F054F5179000B93EA = {
			fileRef = 7C992DFA054F5179000B93EA;
			isa = PBXBuildFile;
			settings = {
			};
		};
		7C992E30054F5179000B93EA = {
			fileRef = 7C992DFB054F5179000B93EA;
			isa = PBXBuildFile;
			settings = {
				ATTRIBUTES = (
					Private,
				);
			};
		};
		7C992E31054F5179000B93EA = {
			fileRef = 7C992DFC054F5179000B93EA;
			isa = PBXBuildFile;
			settings = {
			};
		};
		7C992E32054F5179000B93EA = {
			fileRef = 7C992DFD054F5179000B93EA;
			isa = PBXBuildFile;
			settings = {
				ATTRIBUTES = (
					Private,
				);
			};
		};
		7C992E3E054F5246000B93EA = {
			children = (
				7C992E3F054F5246000B93EA,
				7C992E43054F5246000B93EA,
			);
			isa = PBXGroup;
			path = Graphics;
			refType = 4;
			sourceTree = "<group>";
		};
		7C992E3F054F5246000B93EA = {
			isa = PBXFileReference;
			lastKnownFileType = image.tiff;
			path = ITKeyboardIcon.tiff;
			refType = 4;
			sourceTree = "<group>";
		};
		7C992E43054F5246000B93EA = {
			isa = PBXFileReference;
			lastKnownFileType = image.tiff;
			path = URLTextViewHand.tiff;
			refType = 4;
			sourceTree = "<group>";
		};
		7C992E44054F5246000B93EA = {
			fileRef = 7C992E3F054F5246000B93EA;
			isa = PBXBuildFile;
			settings = {
			};
		};
		7C992E48054F5246000B93EA = {
			fileRef = 7C992E43054F5246000B93EA;
			isa = PBXBuildFile;
			settings = {
			};
		};
		7C992E78054F5285000B93EA = {
			fileEncoding = 4;
			isa = PBXFileReference;
			lastKnownFileType = text;
			path = EffectSupport.txt;
			refType = 4;
			sourceTree = "<group>";
		};
		7C992F82054F5389000B93EA = {
			buildActionMask = 2147483647;
			files = (
				7C993130054F6A03000B93EA,
			);
			isa = PBXHeadersBuildPhase;
			runOnlyForDeploymentPostprocessing = 0;
		};
		7C992F83054F5389000B93EA = {
			buildActionMask = 2147483647;
			files = (
				7C9930A0054F6992000B93EA,
				7C9930DD054F699B000B93EA,
				7C993109054F69F9000B93EA,
				7C99310A054F69F9000B93EA,
				7C99310B054F69F9000B93EA,
				7C99310C054F69F9000B93EA,
				7C99310D054F69F9000B93EA,
				7C99310E054F69F9000B93EA,
				7C99310F054F69F9000B93EA,
			);
			isa = PBXResourcesBuildPhase;
			runOnlyForDeploymentPostprocessing = 0;
		};
		7C992F84054F5389000B93EA = {
			buildActionMask = 2147483647;
			files = (
				7C993131054F6A03000B93EA,
				7C993132054F6A03000B93EA,
			);
			isa = PBXSourcesBuildPhase;
			runOnlyForDeploymentPostprocessing = 0;
		};
		7C992F85054F5389000B93EA = {
			buildActionMask = 2147483647;
			files = (
				7C5B7C93054F6EC9008379B6,
				2AC82794056C3AA000A7D7E2,
			);
			isa = PBXFrameworksBuildPhase;
			runOnlyForDeploymentPostprocessing = 0;
		};
		7C992F86054F5389000B93EA = {
			buildPhases = (
				7C992F82054F5389000B93EA,
				7C992F83054F5389000B93EA,
				7C992F84054F5389000B93EA,
				7C992F85054F5389000B93EA,
			);
			buildRules = (
			);
			buildSettings = {
				GCC_PRECOMPILE_PREFIX_HEADER = NO;
				GCC_PREFIX_HEADER = "";
				GCC_WARN_FOUR_CHARACTER_CONSTANTS = NO;
				GCC_WARN_UNKNOWN_PRAGMAS = NO;
				INFOPLIST_FILE = "ITKitShowcase-Info.plist";
				INSTALL_PATH = "$(USER_APPS_DIR)";
				MACOSX_DEPLOYMENT_TARGET = 10.2;
				OTHER_CFLAGS = "";
				OTHER_LDFLAGS = "-framework Foundation -framework AppKit";
				OTHER_REZFLAGS = "";
				PRODUCT_NAME = ITKitShowcase;
				SECTORDER_FLAGS = "";
				WARNING_CFLAGS = "-Wmost";
			};
			dependencies = (
				2AC82980056C451900A7D7E2,
			);
			isa = PBXNativeTarget;
			name = ITKitShowcase;
			productName = ITKitShowcase;
			productReference = 7C992F87054F5389000B93EA;
			productSettingsXML = "<?xml version=\"1.0\" encoding=\"UTF-8\"?>
<!DOCTYPE plist PUBLIC \"-//Apple Computer//DTD PLIST 1.0//EN\" \"http://www.apple.com/DTDs/PropertyList-1.0.dtd\">
<plist version=\"1.0\">
<dict>
	<key>CFBundleDevelopmentRegion</key>
	<string>English</string>
	<key>CFBundleExecutable</key>
	<string>ITKitShowcase</string>
	<key>CFBundleGetInfoString</key>
	<string></string>
	<key>CFBundleIconFile</key>
	<string></string>
	<key>CFBundleIdentifier</key>
	<string>com.MySoftwareCompany.ITKitShowcase</string>
	<key>CFBundleInfoDictionaryVersion</key>
	<string>6.0</string>
	<key>CFBundlePackageType</key>
	<string>APPL</string>
	<key>CFBundleShortVersionString</key>
	<string></string>
	<key>CFBundleSignature</key>
	<string>????</string>
	<key>CFBundleVersion</key>
	<string>1.0.0d1</string>
</dict>
</plist>
";
			productType = "com.apple.product-type.application";
		};
		7C992F87054F5389000B93EA = {
			explicitFileType = wrapper.application;
			includeInIndex = 0;
			isa = PBXFileReference;
			path = ITKitShowcase.app;
			refType = 3;
			sourceTree = BUILT_PRODUCTS_DIR;
		};
		7C992F8B054F539B000B93EA = {
			children = (
				7C992DE4054F5179000B93EA,
				7C992DD3054F5179000B93EA,
			);
			isa = PBXGroup;
			name = Headers;
			path = "";
			refType = 4;
			sourceTree = "<group>";
		};
		7C992F90054F53D9000B93EA = {
			children = (
				7C992DCF054F5179000B93EA,
				7C992DD0054F5179000B93EA,
				7C992DD1054F5179000B93EA,
				7C992DD2054F5179000B93EA,
			);
			isa = PBXGroup;
			name = Categories;
			path = "";
			refType = 4;
			sourceTree = "<group>";
		};
		7C992F93054F53F2000B93EA = {
			children = (
				7C992DCB054F5179000B93EA,
				7C992DCC054F5179000B93EA,
				7C992DF5054F5179000B93EA,
				7C992DF6054F5179000B93EA,
				2AC8313F056D00F700A7D7E2,
				2AC83140056D00F700A7D7E2,
			);
			isa = PBXGroup;
			name = Controls;
			refType = 4;
			sourceTree = "<group>";
		};
		7C992F96054F53F7000B93EA = {
			children = (
				7C992DCD054F5179000B93EA,
				7C992DCE054F5179000B93EA,
				7C992DF7054F5179000B93EA,
				7C992DF8054F5179000B93EA,
				2AC8319B056D037700A7D7E2,
				2AC8319C056D037700A7D7E2,
			);
			isa = PBXGroup;
			name = Cells;
			path = "";
			refType = 4;
			sourceTree = "<group>";
		};
		7C992F9B054F547C000B93EA = {
			children = (
				7C992DDA054F5179000B93EA,
				7C992DDB054F5179000B93EA,
				7C992DDC054F5179000B93EA,
				7C992DDD054F5179000B93EA,
				7C992DDE054F5179000B93EA,
				7C992DDF054F5179000B93EA,
				7C992DE0054F5179000B93EA,
				7C992DE1054F5179000B93EA,
				7C992DE2054F5179000B93EA,
				7C992DE3054F5179000B93EA,
			);
			isa = PBXGroup;
			name = "Hot Keys";
			refType = 4;
			sourceTree = "<group>";
		};
		7C992FA1054F54C3000B93EA = {
			children = (
				7C993015054F54F0000B93EA,
				7C993016054F54F0000B93EA,
				7C99301F054F5509000B93EA,
			);
			isa = PBXGroup;
			name = Deprecated;
			path = "";
			refType = 4;
			sourceTree = "<group>";
		};
		7C993015054F54F0000B93EA = {
			fileEncoding = 4;
			isa = PBXFileReference;
			lastKnownFileType = sourcecode.c.h;
			name = ITChasingArrowsView.h;
			path = Deprecated/ITChasingArrowsView.h;
			refType = 4;
			sourceTree = "<group>";
		};
		7C993016054F54F0000B93EA = {
			fileEncoding = 4;
			isa = PBXFileReference;
			lastKnownFileType = sourcecode.c.objc;
			name = ITChasingArrowsView.m;
			path = Deprecated/ITChasingArrowsView.m;
			refType = 4;
			sourceTree = "<group>";
		};
		7C99301F054F5509000B93EA = {
			children = (
				7C993035054F6524000B93EA,
				7C993036054F6524000B93EA,
				7C993037054F6524000B93EA,
				7C993038054F6524000B93EA,
				7C993039054F6524000B93EA,
				7C99303A054F6524000B93EA,
				7C99303B054F6524000B93EA,
				7C99303C054F6524000B93EA,
				7C99303D054F6524000B93EA,
				7C99303E054F6524000B93EA,
			);
			isa = PBXGroup;
			path = Graphics;
			refType = 4;
			sourceTree = "<group>";
		};
		7C993035054F6524000B93EA = {
			isa = PBXFileReference;
			lastKnownFileType = image.tiff;
			name = ITChasingArrow1.tiff;
			path = Deprecated/ITChasingArrow1.tiff;
			refType = 2;
			sourceTree = SOURCE_ROOT;
		};
		7C993036054F6524000B93EA = {
			isa = PBXFileReference;
			lastKnownFileType = image.tiff;
			name = ITChasingArrow2.tiff;
			path = Deprecated/ITChasingArrow2.tiff;
			refType = 2;
			sourceTree = SOURCE_ROOT;
		};
		7C993037054F6524000B93EA = {
			isa = PBXFileReference;
			lastKnownFileType = image.tiff;
			name = ITChasingArrow3.tiff;
			path = Deprecated/ITChasingArrow3.tiff;
			refType = 2;
			sourceTree = SOURCE_ROOT;
		};
		7C993038054F6524000B93EA = {
			isa = PBXFileReference;
			lastKnownFileType = image.tiff;
			name = ITChasingArrow4.tiff;
			path = Deprecated/ITChasingArrow4.tiff;
			refType = 2;
			sourceTree = SOURCE_ROOT;
		};
		7C993039054F6524000B93EA = {
			isa = PBXFileReference;
			lastKnownFileType = image.tiff;
			name = ITChasingArrow5.tiff;
			path = Deprecated/ITChasingArrow5.tiff;
			refType = 2;
			sourceTree = SOURCE_ROOT;
		};
		7C99303A054F6524000B93EA = {
			isa = PBXFileReference;
			lastKnownFileType = image.tiff;
			name = ITChasingArrow6.tiff;
			path = Deprecated/ITChasingArrow6.tiff;
			refType = 2;
			sourceTree = SOURCE_ROOT;
		};
		7C99303B054F6524000B93EA = {
			isa = PBXFileReference;
			lastKnownFileType = image.tiff;
			name = ITChasingArrow7.tiff;
			path = Deprecated/ITChasingArrow7.tiff;
			refType = 2;
			sourceTree = SOURCE_ROOT;
		};
		7C99303C054F6524000B93EA = {
			isa = PBXFileReference;
			lastKnownFileType = image.tiff;
			name = ITChasingArrow8.tiff;
			path = Deprecated/ITChasingArrow8.tiff;
			refType = 2;
			sourceTree = SOURCE_ROOT;
		};
		7C99303D054F6524000B93EA = {
			isa = PBXFileReference;
			lastKnownFileType = image.tiff;
			name = ITChasingArrow9.tiff;
			path = Deprecated/ITChasingArrow9.tiff;
			refType = 2;
			sourceTree = SOURCE_ROOT;
		};
		7C99303E054F6524000B93EA = {
			isa = PBXFileReference;
			lastKnownFileType = image.tiff;
			name = ITChasingArrow10.tiff;
			path = Deprecated/ITChasingArrow10.tiff;
			refType = 2;
			sourceTree = SOURCE_ROOT;
		};
		7C993057054F6832000B93EA = {
			children = (
				7C992DF9054F5179000B93EA,
				7C992DFA054F5179000B93EA,
				3710911905C07F6D00ED0F36,
				3710911A05C07F6D00ED0F36,
				7C992DD8054F5179000B93EA,
				7C992DD9054F5179000B93EA,
				7C992DFD054F5179000B93EA,
				7C99305B054F687D000B93EA,
			);
			isa = PBXGroup;
			name = Windows;
			refType = 4;
			sourceTree = "<group>";
		};
		7C99305B054F687D000B93EA = {
			children = (
				7C992DFB054F5179000B93EA,
				7C992DFC054F5179000B93EA,
				7C992DD4054F5179000B93EA,
				7C992DD5054F5179000B93EA,
				7C992DD6054F5179000B93EA,
				7C992DD7054F5179000B93EA,
				7C992DEB054F5179000B93EA,
				7C992DEC054F5179000B93EA,
				7C992DE9054F5179000B93EA,
				7C992DEA054F5179000B93EA,
				7C992DE7054F5179000B93EA,
				7C992DE8054F5179000B93EA,
			);
			isa = PBXGroup;
			name = Effects;
			path = "";
			refType = 4;
			sourceTree = "<group>";
		};
		7C99307F054F6982000B93EA = {
			children = (
				7C9930E3054F69E8000B93EA,
				7C9930E0054F69E2000B93EA,
			);
			isa = PBXGroup;
			name = Showcase;
			path = "";
			refType = 4;
			sourceTree = "<group>";
		};
		7C99309E054F6992000B93EA = {
			children = (
				7C99309F054F6992000B93EA,
			);
			isa = PBXVariantGroup;
			name = InfoPlist.strings;
			path = "";
			refType = 4;
			sourceTree = "<group>";
		};
		7C99309F054F6992000B93EA = {
			fileEncoding = 4;
			isa = PBXFileReference;
			lastKnownFileType = text.plist.strings;
			name = English;
			path = Showcase/English.lproj/InfoPlist.strings;
			refType = 4;
			sourceTree = "<group>";
		};
		7C9930A0054F6992000B93EA = {
			fileRef = 7C99309E054F6992000B93EA;
			isa = PBXBuildFile;
			settings = {
			};
		};
		7C9930DB054F699B000B93EA = {
			children = (
				7C9930DC054F699B000B93EA,
			);
			isa = PBXVariantGroup;
			name = MainMenu.nib;
			path = "";
			refType = 4;
			sourceTree = "<group>";
		};
		7C9930DC054F699B000B93EA = {
			isa = PBXFileReference;
			lastKnownFileType = wrapper.nib;
			name = English;
			path = Showcase/English.lproj/MainMenu.nib;
			refType = 4;
			sourceTree = "<group>";
		};
		7C9930DD054F699B000B93EA = {
			fileRef = 7C9930DB054F699B000B93EA;
			isa = PBXBuildFile;
			settings = {
			};
		};
		7C9930E0054F69E2000B93EA = {
			children = (
				7C993102054F69F9000B93EA,
				7C993103054F69F9000B93EA,
				7C993104054F69F9000B93EA,
				7C993105054F69F9000B93EA,
				7C993106054F69F9000B93EA,
				7C993107054F69F9000B93EA,
				7C993108054F69F9000B93EA,
				7C9930DB054F699B000B93EA,
				7C99309E054F6992000B93EA,
			);
			isa = PBXGroup;
			name = Resources;
			refType = 4;
			sourceTree = "<group>";
		};
		7C9930E3054F69E8000B93EA = {
			children = (
				7C99312D054F6A03000B93EA,
				7C99312E054F6A03000B93EA,
				7C99312F054F6A03000B93EA,
			);
			isa = PBXGroup;
			name = Classes;
			refType = 4;
			sourceTree = "<group>";
		};
		7C993102054F69F9000B93EA = {
			isa = PBXFileReference;
			lastKnownFileType = image.tiff;
			name = CD.tiff;
			path = Showcase/CD.tiff;
			refType = 4;
			sourceTree = "<group>";
		};
		7C993103054F69F9000B93EA = {
			isa = PBXFileReference;
			lastKnownFileType = image.tiff;
			name = iPod.tif;
			path = Showcase/iPod.tif;
			refType = 4;
			sourceTree = "<group>";
		};
		7C993104054F69F9000B93EA = {
			isa = PBXFileReference;
			lastKnownFileType = image.tiff;
			name = ITStatusItem.tiff;
			path = Showcase/ITStatusItem.tiff;
			refType = 4;
			sourceTree = "<group>";
		};
		7C993105054F69F9000B93EA = {
			isa = PBXFileReference;
			lastKnownFileType = image.tiff;
			name = ITStatusItemInv.tiff;
			path = Showcase/ITStatusItemInv.tiff;
			refType = 4;
			sourceTree = "<group>";
		};
		7C993106054F69F9000B93EA = {
			isa = PBXFileReference;
			lastKnownFileType = image.tiff;
			name = Library.tiff;
			path = Showcase/Library.tiff;
			refType = 4;
			sourceTree = "<group>";
		};
		7C993107054F69F9000B93EA = {
			isa = PBXFileReference;
			lastKnownFileType = image.tiff;
			name = Radio.tiff;
			path = Showcase/Radio.tiff;
			refType = 4;
			sourceTree = "<group>";
		};
		7C993108054F69F9000B93EA = {
			isa = PBXFileReference;
			lastKnownFileType = image.tiff;
			name = Volume.tiff;
			path = Showcase/Volume.tiff;
			refType = 4;
			sourceTree = "<group>";
		};
		7C993109054F69F9000B93EA = {
			fileRef = 7C993102054F69F9000B93EA;
			isa = PBXBuildFile;
			settings = {
			};
		};
		7C99310A054F69F9000B93EA = {
			fileRef = 7C993103054F69F9000B93EA;
			isa = PBXBuildFile;
			settings = {
			};
		};
		7C99310B054F69F9000B93EA = {
			fileRef = 7C993104054F69F9000B93EA;
			isa = PBXBuildFile;
			settings = {
			};
		};
		7C99310C054F69F9000B93EA = {
			fileRef = 7C993105054F69F9000B93EA;
			isa = PBXBuildFile;
			settings = {
			};
		};
		7C99310D054F69F9000B93EA = {
			fileRef = 7C993106054F69F9000B93EA;
			isa = PBXBuildFile;
			settings = {
			};
		};
		7C99310E054F69F9000B93EA = {
			fileRef = 7C993107054F69F9000B93EA;
			isa = PBXBuildFile;
			settings = {
			};
		};
		7C99310F054F69F9000B93EA = {
			fileRef = 7C993108054F69F9000B93EA;
			isa = PBXBuildFile;
			settings = {
			};
		};
		7C99312D054F6A03000B93EA = {
			fileEncoding = 4;
			isa = PBXFileReference;
			lastKnownFileType = sourcecode.c.h;
			name = Controller.h;
			path = Showcase/Controller.h;
			refType = 4;
			sourceTree = "<group>";
		};
		7C99312E054F6A03000B93EA = {
			fileEncoding = 4;
			isa = PBXFileReference;
			lastKnownFileType = sourcecode.c.objc;
			name = Controller.m;
			path = Showcase/Controller.m;
			refType = 4;
			sourceTree = "<group>";
		};
		7C99312F054F6A03000B93EA = {
			fileEncoding = 4;
			isa = PBXFileReference;
			lastKnownFileType = sourcecode.c.objc;
			name = main.m;
			path = Showcase/main.m;
			refType = 4;
			sourceTree = "<group>";
		};
		7C993130054F6A03000B93EA = {
			fileRef = 7C99312D054F6A03000B93EA;
			isa = PBXBuildFile;
			settings = {
			};
		};
		7C993131054F6A03000B93EA = {
			fileRef = 7C99312E054F6A03000B93EA;
			isa = PBXBuildFile;
			settings = {
			};
		};
		7C993132054F6A03000B93EA = {
			fileRef = 7C99312F054F6A03000B93EA;
			isa = PBXBuildFile;
			settings = {
			};
		};
		7CC84BE0054F6CA2001DC704 = {
			isa = PBXFileReference;
			lastKnownFileType = wrapper.framework;
			name = ApplicationServices.framework;
			path = /System/Library/Frameworks/ApplicationServices.framework;
			refType = 0;
			sourceTree = "<absolute>";
		};
		7CC84BE1054F6CA2001DC704 = {
			fileRef = 7CC84BE0054F6CA2001DC704;
			isa = PBXBuildFile;
			settings = {
			};
		};
		7CC84BE4054F6CAA001DC704 = {
			isa = PBXFileReference;
			lastKnownFileType = wrapper.framework;
			name = Carbon.framework;
			path = /System/Library/Frameworks/Carbon.framework;
			refType = 0;
			sourceTree = "<absolute>";
		};
		7CC84BE5054F6CAA001DC704 = {
			fileRef = 7CC84BE4054F6CAA001DC704;
			isa = PBXBuildFile;
			settings = {
			};
		};
//7C0
//7C1
//7C2
//7C3
//7C4
//8D0
//8D1
//8D2
//8D3
//8D4
		8DC2EF4F0486A6940098B216 = {
			buildPhases = (
				8DC2EF500486A6940098B216,
				8DC2EF520486A6940098B216,
				8DC2EF540486A6940098B216,
				8DC2EF560486A6940098B216,
				8DC2EF580486A6940098B216,
			);
			buildRules = (
			);
			buildSettings = {
				DYLIB_COMPATIBILITY_VERSION = 1;
				DYLIB_CURRENT_VERSION = 1;
				FRAMEWORK_SEARCH_PATHS = "";
				FRAMEWORK_VERSION = A;
				GCC_ENABLE_TRIGRAPHS = NO;
				GCC_GENERATE_DEBUGGING_SYMBOLS = NO;
				GCC_PRECOMPILE_PREFIX_HEADER = YES;
				GCC_PREFIX_HEADER = ITKit_Prefix.pch;
				GCC_WARN_ABOUT_MISSING_PROTOTYPES = NO;
				GCC_WARN_FOUR_CHARACTER_CONSTANTS = NO;
				GCC_WARN_UNKNOWN_PRAGMAS = NO;
				HEADER_SEARCH_PATHS = "";
				INFOPLIST_FILE = Info.plist;
				INSTALL_PATH = "@executable_path/../Frameworks";
				LIBRARY_SEARCH_PATHS = "";
				LIBRARY_STYLE = Dynamic;
				MACOSX_DEPLOYMENT_TARGET = 10.2;
				OTHER_LDFLAGS = "-seg1addr 0x19000000";
				PRODUCT_NAME = ITKit;
				SECTORDER_FLAGS = "";
				WARNING_CFLAGS = "-Wmost -Wno-four-char-constants -Wno-unknown-pragmas";
				WRAPPER_EXTENSION = framework;
			};
			dependencies = (
			);
			isa = PBXNativeTarget;
			name = ITKit;
			productInstallPath = "$(HOME)/Library/Frameworks";
			productName = ITKit;
			productReference = 8DC2EF5B0486A6940098B216;
			productType = "com.apple.product-type.framework";
		};
		8DC2EF500486A6940098B216 = {
			buildActionMask = 2147483647;
			files = (
				8DC2EF510486A6940098B216,
				7C992DFE054F5179000B93EA,
				7C992E00054F5179000B93EA,
				7C992E02054F5179000B93EA,
				7C992E04054F5179000B93EA,
				7C992E06054F5179000B93EA,
				7C992E08054F5179000B93EA,
				7C992E09054F5179000B93EA,
				7C992E0B054F5179000B93EA,
				7C992E0D054F5179000B93EA,
				7C992E0F054F5179000B93EA,
				7C992E11054F5179000B93EA,
				7C992E13054F5179000B93EA,
				7C992E15054F5179000B93EA,
				7C992E17054F5179000B93EA,
				7C992E19054F5179000B93EA,
				7C992E1C054F5179000B93EA,
				7C992E1E054F5179000B93EA,
				7C992E20054F5179000B93EA,
				7C992E22054F5179000B93EA,
				7C992E24054F5179000B93EA,
				7C992E26054F5179000B93EA,
				7C992E28054F5179000B93EA,
				7C992E2A054F5179000B93EA,
				7C992E2C054F5179000B93EA,
				7C992E2E054F5179000B93EA,
				7C992E30054F5179000B93EA,
				7C992E32054F5179000B93EA,
				2AC83141056D00F700A7D7E2,
				2AC8319D056D037700A7D7E2,
				3710912805C0825900ED0F36,
			);
			isa = PBXHeadersBuildPhase;
			runOnlyForDeploymentPostprocessing = 0;
		};
		8DC2EF510486A6940098B216 = {
			fileRef = 32DBCF5E0370ADEE00C91783;
			isa = PBXBuildFile;
			settings = {
			};
		};
		8DC2EF520486A6940098B216 = {
			buildActionMask = 2147483647;
			files = (
				8DC2EF530486A6940098B216,
				7C992E44054F5246000B93EA,
				7C992E48054F5246000B93EA,
				2A30D88F056B3AD90087AE54,
				2A30D8A3056B3BE30087AE54,
				2A30D8BE056B3C5D0087AE54,
			);
			isa = PBXResourcesBuildPhase;
			runOnlyForDeploymentPostprocessing = 0;
		};
		8DC2EF530486A6940098B216 = {
			fileRef = 089C1666FE841158C02AAC07;
			isa = PBXBuildFile;
			settings = {
			};
		};
		8DC2EF540486A6940098B216 = {
			buildActionMask = 2147483647;
			files = (
				7C992DFF054F5179000B93EA,
				7C992E01054F5179000B93EA,
				7C992E03054F5179000B93EA,
				7C992E05054F5179000B93EA,
				7C992E07054F5179000B93EA,
				7C992E0A054F5179000B93EA,
				7C992E0C054F5179000B93EA,
				7C992E0E054F5179000B93EA,
				7C992E10054F5179000B93EA,
				7C992E12054F5179000B93EA,
				7C992E14054F5179000B93EA,
				7C992E16054F5179000B93EA,
				7C992E18054F5179000B93EA,
				7C992E1D054F5179000B93EA,
				7C992E1F054F5179000B93EA,
				7C992E21054F5179000B93EA,
				7C992E23054F5179000B93EA,
				7C992E25054F5179000B93EA,
				7C992E27054F5179000B93EA,
				7C992E29054F5179000B93EA,
				7C992E2B054F5179000B93EA,
				7C992E2D054F5179000B93EA,
				7C992E2F054F5179000B93EA,
				7C992E31054F5179000B93EA,
				2AC83142056D00F700A7D7E2,
				2AC8319E056D037700A7D7E2,
				3710912305C0821000ED0F36,
			);
			isa = PBXSourcesBuildPhase;
			runOnlyForDeploymentPostprocessing = 0;
		};
		8DC2EF560486A6940098B216 = {
			buildActionMask = 2147483647;
			files = (
				8DC2EF570486A6940098B216,
				7CC84BE1054F6CA2001DC704,
				7CC84BE5054F6CAA001DC704,
			);
			isa = PBXFrameworksBuildPhase;
			runOnlyForDeploymentPostprocessing = 0;
		};
		8DC2EF570486A6940098B216 = {
			fileRef = 1058C7B1FEA5585E11CA2CBB;
			isa = PBXBuildFile;
			settings = {
			};
		};
		8DC2EF580486A6940098B216 = {
			buildActionMask = 2147483647;
			files = (
			);
			isa = PBXRezBuildPhase;
			runOnlyForDeploymentPostprocessing = 0;
		};
		8DC2EF5A0486A6940098B216 = {
			fileEncoding = 4;
			isa = PBXFileReference;
			lastKnownFileType = text.plist;
			path = Info.plist;
			refType = 4;
			sourceTree = "<group>";
		};
		8DC2EF5B0486A6940098B216 = {
			explicitFileType = wrapper.framework;
			includeInIndex = 0;
			isa = PBXFileReference;
			path = ITKit.framework;
			refType = 3;
			sourceTree = BUILT_PRODUCTS_DIR;
		};
	};
	rootObject = 0867D690FE84028FC02AAC07;
}
